
Microsoft Visual Studio Solution File, Format Version 12.00
# Visual Studio Version 16
VisualStudioVersion = 16.0.29613.14
MinimumVisualStudioVersion = 10.0.40219.1
Project("{FAE04EC0-301F-11D3-BF4B-00C04F79EFBC}") = "ZenStatesDebugTool", "ZenStatesDebugTool.csproj", "{056A457F-B9D4-4BB9-A9B3-033F2A1E265C}"
EndProject
Global
	GlobalSection(SolutionConfigurationPlatforms) = preSolution
		Debug|Any CPU = Debug|Any CPU
		Release|Any CPU = Release|Any CPU
	EndGlobalSection
	GlobalSection(ProjectConfigurationPlatforms) = postSolution
		{056A457F-B9D4-4BB9-A9B3-033F2A1E265C}.Debug|Any CPU.ActiveCfg = Debug|Any CPU
		{056A457F-B9D4-4BB9-A9B3-033F2A1E265C}.Debug|Any CPU.Build.0 = Debug|Any CPU
		{056A457F-B9D4-4BB9-A9B3-033F2A1E265C}.Release|Any CPU.ActiveCfg = Release|Any CPU
		{056A457F-B9D4-4BB9-A9B3-033F2A1E265C}.Release|Any CPU.Build.0 = Release|Any CPU
	EndGlobalSection
	GlobalSection(SolutionProperties) = preSolution
		HideSolutionNode = FALSE
	EndGlobalSection
	GlobalSection(ExtensibilityGlobals) = postSolution
		SolutionGuid = {D62E0E45-5C15-4ABE-974A-E4FE814F0F72}
	EndGlobalSection
EndGlobal
